// !$*UTF8*$!
{
	archiveVersion = 1;
	classes = {
	};
	objectVersion = 50;
	objects = {

/* Begin PBXBuildFile section */
		8A75B38C212D73E90078DF60 /* AppDelegate.swift in Sources */ = {isa = PBXBuildFile; fileRef = 8A75B38B212D73E90078DF60 /* AppDelegate.swift */; };
		8A75B391212D73E90078DF60 /* Main.storyboard in Resources */ = {isa = PBXBuildFile; fileRef = 8A75B38F212D73E90078DF60 /* Main.storyboard */; };
		8A75B393212D73F50078DF60 /* Assets.xcassets in Resources */ = {isa = PBXBuildFile; fileRef = 8A75B392212D73F50078DF60 /* Assets.xcassets */; };
		8A75B396212D73F50078DF60 /* LaunchScreen.storyboard in Resources */ = {isa = PBXBuildFile; fileRef = 8A75B394212D73F50078DF60 /* LaunchScreen.storyboard */; };
		8A75B39E212D750C0078DF60 /* ContactListVC.swift in Sources */ = {isa = PBXBuildFile; fileRef = 8A75B39D212D750C0078DF60 /* ContactListVC.swift */; };
		8A75B3A0212D82EF0078DF60 /* ContactListCell.swift in Sources */ = {isa = PBXBuildFile; fileRef = 8A75B39F212D82EF0078DF60 /* ContactListCell.swift */; };
		8A75B3A4212D89900078DF60 /* UserDetailVC.swift in Sources */ = {isa = PBXBuildFile; fileRef = 8A75B3A3212D89900078DF60 /* UserDetailVC.swift */; };
/* End PBXBuildFile section */

/* Begin PBXFileReference section */
		8A75B388212D73E90078DF60 /* IntegrateContactsFromContactList.app */ = {isa = PBXFileReference; explicitFileType = wrapper.application; includeInIndex = 0; path = IntegrateContactsFromContactList.app; sourceTree = BUILT_PRODUCTS_DIR; };
		8A75B38B212D73E90078DF60 /* AppDelegate.swift */ = {isa = PBXFileReference; lastKnownFileType = sourcecode.swift; path = AppDelegate.swift; sourceTree = "<group>"; };
		8A75B390212D73E90078DF60 /* Base */ = {isa = PBXFileReference; lastKnownFileType = file.storyboard; name = Base; path = Base.lproj/Main.storyboard; sourceTree = "<group>"; };
		8A75B392212D73F50078DF60 /* Assets.xcassets */ = {isa = PBXFileReference; lastKnownFileType = folder.assetcatalog; path = Assets.xcassets; sourceTree = "<group>"; };
		8A75B395212D73F50078DF60 /* Base */ = {isa = PBXFileReference; lastKnownFileType = file.storyboard; name = Base; path = Base.lproj/LaunchScreen.storyboard; sourceTree = "<group>"; };
		8A75B397212D73F50078DF60 /* Info.plist */ = {isa = PBXFileReference; lastKnownFileType = text.plist.xml; path = Info.plist; sourceTree = "<group>"; };
		8A75B39D212D750C0078DF60 /* ContactListVC.swift */ = {isa = PBXFileReference; lastKnownFileType = sourcecode.swift; path = ContactListVC.swift; sourceTree = "<group>"; };
		8A75B39F212D82EF0078DF60 /* ContactListCell.swift */ = {isa = PBXFileReference; lastKnownFileType = sourcecode.swift; path = ContactListCell.swift; sourceTree = "<group>"; };
		8A75B3A3212D89900078DF60 /* UserDetailVC.swift */ = {isa = PBXFileReference; lastKnownFileType = sourcecode.swift; path = UserDetailVC.swift; sourceTree = "<group>"; };
/* End PBXFileReference section */

/* Begin PBXFrameworksBuildPhase section */
		8A75B385212D73E90078DF60 /* Frameworks */ = {
			isa = PBXFrameworksBuildPhase;
			buildActionMask = 2147483647;
			files = (
			);
			runOnlyForDeploymentPostprocessing = 0;
		};
/* End PBXFrameworksBuildPhase section */

/* Begin PBXGroup section */
		8A07A43D212E6CF300812EF4 /* View */ = {
			isa = PBXGroup;
			children = (
				8A75B39F212D82EF0078DF60 /* ContactListCell.swift */,
			);
			path = View;
			sourceTree = "<group>";
		};
		8A07A43E212E6D1600812EF4 /* Controller */ = {
			isa = PBXGroup;
			children = (
				8A75B39D212D750C0078DF60 /* ContactListVC.swift */,
				8A75B3A3212D89900078DF60 /* UserDetailVC.swift */,
			);
			path = Controller;
			sourceTree = "<group>";
		};
		8A75B37F212D73E90078DF60 = {
			isa = PBXGroup;
			children = (
				8A75B38A212D73E90078DF60 /* IntegrateContactsFromContactList */,
				8A75B389212D73E90078DF60 /* Products */,
			);
			sourceTree = "<group>";
		};
		8A75B389212D73E90078DF60 /* Products */ = {
			isa = PBXGroup;
			children = (
				8A75B388212D73E90078DF60 /* IntegrateContactsFromContactList.app */,
			);
			name = Products;
			sourceTree = "<group>";
		};
		8A75B38A212D73E90078DF60 /* IntegrateContactsFromContactList */ = {
			isa = PBXGroup;
			children = (
				8A07A43D212E6CF300812EF4 /* View */,
				8A07A43E212E6D1600812EF4 /* Controller */,
				8A75B38F212D73E90078DF60 /* Main.storyboard */,
				8A75B38B212D73E90078DF60 /* AppDelegate.swift */,
				8A75B392212D73F50078DF60 /* Assets.xcassets */,
				8A75B394212D73F50078DF60 /* LaunchScreen.storyboard */,
				8A75B397212D73F50078DF60 /* Info.plist */,
			);
			path = IntegrateContactsFromContactList;
			sourceTree = "<group>";
		};
/* End PBXGroup section */

/* Begin PBXNativeTarget section */
		8A75B387212D73E90078DF60 /* IntegrateContactsFromContactList */ = {
			isa = PBXNativeTarget;
			buildConfigurationList = 8A75B39A212D73F50078DF60 /* Build configuration list for PBXNativeTarget "IntegrateContactsFromContactList" */;
			buildPhases = (
				8A75B384212D73E90078DF60 /* Sources */,
				8A75B385212D73E90078DF60 /* Frameworks */,
				8A75B386212D73E90078DF60 /* Resources */,
			);
			buildRules = (
			);
			dependencies = (
			);
			name = IntegrateContactsFromContactList;
			productName = IntegrateContactsFromContactList;
			productReference = 8A75B388212D73E90078DF60 /* IntegrateContactsFromContactList.app */;
			productType = "com.apple.product-type.application";
		};
/* End PBXNativeTarget section */

/* Begin PBXProject section */
		8A75B380212D73E90078DF60 /* Project object */ = {
			isa = PBXProject;
			attributes = {
				LastSwiftUpdateCheck = 0940;
				LastUpgradeCheck = 0940;
				ORGANIZATIONNAME = Kayosys;
				TargetAttributes = {
					8A75B387212D73E90078DF60 = {
						CreatedOnToolsVersion = 9.4;
					};
				};
			};
			buildConfigurationList = 8A75B383212D73E90078DF60 /* Build configuration list for PBXProject "IntegrateContactsFromContactList" */;
			compatibilityVersion = "Xcode 9.3";
			developmentRegion = en;
			hasScannedForEncodings = 0;
			knownRegions = (
				en,
				Base,
			);
			mainGroup = 8A75B37F212D73E90078DF60;
			productRefGroup = 8A75B389212D73E90078DF60 /* Products */;
			projectDirPath = "";
			projectRoot = "";
			targets = (
				8A75B387212D73E90078DF60 /* IntegrateContactsFromContactList */,
			);
		};
/* End PBXProject section */

/* Begin PBXResourcesBuildPhase section */
		8A75B386212D73E90078DF60 /* Resources */ = {
			isa = PBXResourcesBuildPhase;
			buildActionMask = 2147483647;
			files = (
				8A75B396212D73F50078DF60 /* LaunchScreen.storyboard in Resources */,
				8A75B393212D73F50078DF60 /* Assets.xcassets in Resources */,
				8A75B391212D73E90078DF60 /* Main.storyboard in Resources */,
			);
			runOnlyForDeploymentPostprocessing = 0;
		};
/* End PBXResourcesBuildPhase section */

/* Begin PBXSourcesBuildPhase section */
		8A75B384212D73E90078DF60 /* Sources */ = {
			isa = PBXSourcesBuildPhase;
			buildActionMask = 2147483647;
			files = (
				8A75B3A4212D89900078DF60 /* UserDetailVC.swift in Sources */,
				8A75B3A0212D82EF0078DF60 /* ContactListCell.swift in Sources */,
				8A75B38C212D73E90078DF60 /* AppDelegate.swift in Sources */,
				8A75B39E212D750C0078DF60 /* ContactListVC.swift in Sources */,
			);
			runOnlyForDeploymentPostprocessing = 0;
		};
/* End PBXSourcesBuildPhase section */

/* Begin PBXVariantGroup section */
		8A75B38F212D73E90078DF60 /* Main.storyboard */ = {
			isa = PBXVariantGroup;
			children = (
				8A75B390212D73E90078DF60 /* Base */,
			);
			name = Main.storyboard;
			sourceTree = "<group>";
		};
		8A75B394212D73F50078DF60 /* LaunchScreen.storyboard */ = {
			isa = PBXVariantGroup;
			children = (
				8A75B395212D73F50078DF60 /* Base */,
			);
			name = LaunchScreen.storyboard;
			sourceTree = "<group>";
		};
/* End PBXVariantGroup section */

/* Begin XCBuildConfiguration section */
		8A75B398212D73F50078DF60 /* Debug */ = {
			isa = XCBuildConfiguration;
			buildSettings = {
				ALWAYS_SEARCH_USER_PATHS = NO;
				CLANG_ANALYZER_NONNULL = YES;
				CLANG_ANALYZER_NUMBER_OBJECT_CONVERSION = YES_AGGRESSIVE;
				CLANG_CXX_LANGUAGE_STANDARD = "gnu++14";
				CLANG_CXX_LIBRARY = "libc++";
				CLANG_ENABLE_MODULES = YES;
				CLANG_ENABLE_OBJC_ARC = YES;
				CLANG_ENABLE_OBJC_WEAK = YES;
				CLANG_WARN_BLOCK_CAPTURE_AUTORELEASING = YES;
				CLANG_WARN_BOOL_CONVERSION = YES;
				CLANG_WARN_COMMA = YES;
				CLANG_WARN_CONSTANT_CONVERSION = YES;
				CLANG_WARN_DEPRECATED_OBJC_IMPLEMENTATIONS = YES;
				CLANG_WARN_DIRECT_OBJC_ISA_USAGE = YES_ERROR;
				CLANG_WARN_DOCUMENTATION_COMMENTS = YES;
				CLANG_WARN_EMPTY_BODY = YES;
				CLANG_WARN_ENUM_CONVERSION = YES;
				CLANG_WARN_INFINITE_RECURSION = YES;
				CLANG_WARN_INT_CONVERSION = YES;
				CLANG_WARN_NON_LITERAL_NULL_CONVERSION = YES;
				CLANG_WARN_OBJC_IMPLICIT_RETAIN_SELF = YES;
				CLANG_WARN_OBJC_LITERAL_CONVERSION = YES;
				CLANG_WARN_OBJC_ROOT_CLASS = YES_ERROR;
				CLANG_WARN_RANGE_LOOP_ANALYSIS = YES;
				CLANG_WARN_STRICT_PROTOTYPES = YES;
				CLANG_WARN_SUSPICIOUS_MOVE = YES;
				CLANG_WARN_UNGUARDED_AVAILABILITY = YES_AGGRESSIVE;
				CLANG_WARN_UNREACHABLE_CODE = YES;
				CLANG_WARN__DUPLICATE_METHOD_MATCH = YES;
				CODE_SIGN_IDENTITY = "iPhone Developer";
				COPY_PHASE_STRIP = NO;
				DEBUG_INFORMATION_FORMAT = dwarf;
				ENABLE_STRICT_OBJC_MSGSEND = YES;
				ENABLE_TESTABILITY = YES;
				GCC_C_LANGUAGE_STANDARD = gnu11;
				GCC_DYNAMIC_NO_PIC = NO;
				GCC_NO_COMMON_BLOCKS = YES;
				GCC_OPTIMIZATION_LEVEL = 0;
				GCC_PREPROCESSOR_DEFINITIONS = (
					"DEBUG=1",
					"$(inherited)",
				);
				GCC_WARN_64_TO_32_BIT_CONVERSION = YES;
				GCC_WARN_ABOUT_RETURN_TYPE = YES_ERROR;
				GCC_WARN_UNDECLARED_SELECTOR = YES;
				GCC_WARN_UNINITIALIZED_AUTOS = YES_AGGRESSIVE;
				GCC_WARN_UNUSED_FUNCTION = YES;
				GCC_WARN_UNUSED_VARIABLE = YES;
				IPHONEOS_DEPLOYMENT_TARGET = 11.4;
				MTL_ENABLE_DEBUG_INFO = YES;
				ONLY_ACTIVE_ARCH = YES;
				SDKROOT = iphoneos;
				SWIFT_ACTIVE_COMPILATION_CONDITIONS = DEBUG;
				SWIFT_OPTIMIZATION_LEVEL = "-Onone";
			};
			name = Debug;
		};
		8A75B399212D73F50078DF60 /* Release */ = {
			isa = XCBuildConfiguration;
			buildSettings = {
				ALWAYS_SEARCH_USER_PATHS = NO;
				CLANG_ANALYZER_NONNULL = YES;
				CLANG_ANALYZER_NUMBER_OBJECT_CONVERSION = YES_AGGRESSIVE;
				CLANG_CXX_LANGUAGE_STANDARD = "gnu++14";
				CLANG_CXX_LIBRARY = "libc++";
				CLANG_ENABLE_MODULES = YES;
				CLANG_ENABLE_OBJC_ARC = YES;
				CLANG_ENABLE_OBJC_WEAK = YES;
				CLANG_WARN_BLOCK_CAPTURE_AUTORELEASING = YES;
				CLANG_WARN_BOOL_CONVERSION = YES;
				CLANG_WARN_COMMA = YES;
				CLANG_WARN_CONSTANT_CONVERSION = YES;
				CLANG_WARN_DEPRECATED_OBJC_IMPLEMENTATIONS = YES;
				CLANG_WARN_DIRECT_OBJC_ISA_USAGE = YES_ERROR;
				CLANG_WARN_DOCUMENTATION_COMMENTS = YES;
				CLANG_WARN_EMPTY_BODY = YES;
				CLANG_WARN_ENUM_CONVERSION = YES;
				CLANG_WARN_INFINITE_RECURSION = YES;
				CLANG_WARN_INT_CONVERSION = YES;
				CLANG_WARN_NON_LITERAL_NULL_CONVERSION = YES;
				CLANG_WARN_OBJC_IMPLICIT_RETAIN_SELF = YES;
				CLANG_WARN_OBJC_LITERAL_CONVERSION = YES;
				CLANG_WARN_OBJC_ROOT_CLASS = YES_ERROR;
				CLANG_WARN_RANGE_LOOP_ANALYSIS = YES;
				CLANG_WARN_STRICT_PROTOTYPES = YES;
				CLANG_WARN_SUSPICIOUS_MOVE = YES;
				CLANG_WARN_UNGUARDED_AVAILABILITY = YES_AGGRESSIVE;
				CLANG_WARN_UNREACHABLE_CODE = YES;
				CLANG_WARN__DUPLICATE_METHOD_MATCH = YES;
				CODE_SIGN_IDENTITY = "iPhone Developer";
				COPY_PHASE_STRIP = NO;
				DEBUG_INFORMATION_FORMAT = "dwarf-with-dsym";
				ENABLE_NS_ASSERTIONS = NO;
				ENABLE_STRICT_OBJC_MSGSEND = YES;
				GCC_C_LANGUAGE_STANDARD = gnu11;
				GCC_NO_COMMON_BLOCKS = YES;
				GCC_WARN_64_TO_32_BIT_CONVERSION = YES;
				GCC_WARN_ABOUT_RETURN_TYPE = YES_ERROR;
				GCC_WARN_UNDECLARED_SELECTOR = YES;
				GCC_WARN_UNINITIALIZED_AUTOS = YES_AGGRESSIVE;
				GCC_WARN_UNUSED_FUNCTION = YES;
				GCC_WARN_UNUSED_VARIABLE = YES;
				IPHONEOS_DEPLOYMENT_TARGET = 11.4;
				MTL_ENABLE_DEBUG_INFO = NO;
				SDKROOT = iphoneos;
				SWIFT_COMPILATION_MODE = wholemodule;
				SWIFT_OPTIMIZATION_LEVEL = "-O";
				VALIDATE_PRODUCT = YES;
			};
			name = Release;
		};
		8A75B39B212D73F50078DF60 /* Debug */ = {
			isa = XCBuildConfiguration;
			buildSettings = {
				ASSETCATALOG_COMPILER_APPICON_NAME = AppIcon;
				CODE_SIGN_STYLE = Automatic;
				DEVELOPMENT_TEAM = U3ACLLMCU5;
				INFOPLIST_FILE = IntegrateContactsFromContactList/Info.plist;
				IPHONEOS_DEPLOYMENT_TARGET = 11.2;
				LD_RUNPATH_SEARCH_PATHS = (
					"$(inherited)",
					"@executable_path/Frameworks",
				);
				PRODUCT_BUNDLE_IDENTIFIER = com.appsmall.IntegrateContactsFromContactList;
				PRODUCT_NAME = "$(TARGET_NAME)";
				SWIFT_VERSION = 4.0;
				TARGETED_DEVICE_FAMILY = "1,2";
			};
			name = Debug;
		};
		8A75B39C212D73F50078DF60 /* Release */ = {
			isa = XCBuildConfiguration;
			buildSettings = {
				ASSETCATALOG_COMPILER_APPICON_NAME = AppIcon;
				CODE_SIGN_STYLE = Automatic;
				DEVELOPMENT_TEAM = U3ACLLMCU5;
				INFOPLIST_FILE = IntegrateContactsFromContactList/Info.plist;
				IPHONEOS_DEPLOYMENT_TARGET = 11.2;
				LD_RUNPATH_SEARCH_PATHS = (
					"$(inherited)",
					"@executable_path/Frameworks",
				);
				PRODUCT_BUNDLE_IDENTIFIER = com.appsmall.IntegrateContactsFromContactList;
				PRODUCT_NAME = "$(TARGET_NAME)";
				SWIFT_VERSION = 4.0;
				TARGETED_DEVICE_FAMILY = "1,2";
			};
			name = Release;
		};
/* End XCBuildConfiguration section */

/* Begin XCConfigurationList section */
		8A75B383212D73E90078DF60 /* Build configuration list for PBXProject "IntegrateContactsFromContactList" */ = {
			isa = XCConfigurationList;
			buildConfigurations = (
				8A75B398212D73F50078DF60 /* Debug */,
				8A75B399212D73F50078DF60 /* Release */,
			);
			defaultConfigurationIsVisible = 0;
			defaultConfigurationName = Release;
		};
		8A75B39A212D73F50078DF60 /* Build configuration list for PBXNativeTarget "IntegrateContactsFromContactList" */ = {
			isa = XCConfigurationList;
			buildConfigurations = (
				8A75B39B212D73F50078DF60 /* Debug */,
				8A75B39C212D73F50078DF60 /* Release */,
			);
			defaultConfigurationIsVisible = 0;
			defaultConfigurationName = Release;
		};
/* End XCConfigurationList section */
	};
	rootObject = 8A75B380212D73E90078DF60 /* Project object */;
}
